PODS:
  - BandyerSDK (1.0.0):
    - BandyerSDK/BandyerCoreAV (= 1.0.0)
    - BandyerSDK/BandyerFoundation (= 1.0.0)
    - BandyerSDK/WebRTC (= 1.0.0)
    - Socket.IO-Client-Swift (~> 13.1.2)
  - BandyerSDK/BandyerCoreAV (1.0.0):
    - Socket.IO-Client-Swift (~> 13.1.2)
  - BandyerSDK/BandyerFoundation (1.0.0):
    - Socket.IO-Client-Swift (~> 13.1.2)
  - BandyerSDK/WebRTC (1.0.0):
    - Socket.IO-Client-Swift (~> 13.1.2)
  - Socket.IO-Client-Swift (13.1.3):
    - Starscream (~> 3.0.2)
  - Starscream (3.0.5)

DEPENDENCIES:
  - BandyerSDK (from `https://github.com/Bandyer/Bandyer-iOS-SDK.git`)

SPEC REPOS:
  https://github.com/CocoaPods/Specs.git:
    - Socket.IO-Client-Swift
    - Starscream

EXTERNAL SOURCES:
  BandyerSDK:
    :git: https://github.com/Bandyer/Bandyer-iOS-SDK.git

CHECKOUT OPTIONS:
  BandyerSDK:
    :commit: 75be6f6291f1bb1fe0d0d9838e81016f9f4318c9
    :git: https://github.com/Bandyer/Bandyer-iOS-SDK.git

SPEC CHECKSUMS:
  BandyerSDK: 7601c8a5ce83e2fab0db847a59da0024264f3cbd
  Socket.IO-Client-Swift: d30d6fd08a38ad2a182b090936a043bf512ab2de
  Starscream: faf918b2f2eff7d5dd21180646bf015a669673bd

PODFILE CHECKSUM: f84181b5cf4229a53952eb385c5deea6fe2061ca

COCOAPODS: 1.5.0
